{
  "nodes": {
    "nixpkgs": {
      "locked": {
        "lastModified": 1639657451,
        "narHash": "sha256-zJwm/CwvDX2kK1jltokQEp/WwQV1JT5fb4ZoVz6xA/g=",
        "path": "/nix/store/ayf1qsdzr9kk6azi8lyzh9qf22q6yc5n-source",
        "rev": "3c8833b03da2844c262575ebde69e5127987fdc4",
        "type": "path"
      },
      "original": {
        "id": "nixpkgs",
        "type": "indirect"
      }
    },
    "root": {
      "inputs": {
        "nixpkgs": "nixpkgs"
      }
    }
  },
  "root": "root",
  "version": 7
}
