{
  "nodes": {
    "nixpkgs": {
      "locked": {
        "lastModified": 1642940213,
        "narHash": "sha256-LXGwfPrtbhix9IRUT2phtbJsur41lkTsrKcTcS0lzIc=",
        "path": "/nix/store/85s8ji792jjwm3b329yn2xa35qakrqkh-source",
        "rev": "8ca77a63599ed951d6a2d244c1d62092776a3fe1",
        "type": "path"
      },
      "original": {
        "id": "nixpkgs",
        "type": "indirect"
      }
    },
    "root": {
      "inputs": {
        "nixpkgs": "nixpkgs"
      }
    }
  },
  "root": "root",
  "version": 7
}
