{
  "nodes": {
    "nixpkgs": {
      "locked": {
        "narHash": "sha256-yId/d2GrwF6CPddtBJg35jb9HuYKhtwH8+oLausAxC0=",
        "path": "/nix/store/jvr4jrz65yk7w5chg39d1msmsymbnkz7-source",
        "type": "path"
      },
      "original": {
        "id": "nixpkgs",
        "type": "indirect"
      }
    },
    "root": {
      "inputs": {
        "nixpkgs": "nixpkgs"
      }
    }
  },
  "root": "root",
  "version": 7
}
