{
  "nodes": {
    "awatcher-src": {
      "flake": false,
      "locked": {
        "lastModified": 1709780495,
        "narHash": "sha256-HjPA+sZ4lYerWS6lrqAwO7T+4xhJvRzFj6NOFqOrwf0=",
        "owner": "2e3s",
        "repo": "awatcher",
        "rev": "a21b917b265dbb70f33cfbd3b8bee8f10e884a3d",
        "type": "github"
      },
      "original": {
        "owner": "2e3s",
        "repo": "awatcher",
        "type": "github"
      }
    },
    "doomemacs": {
      "flake": false,
      "locked": {
        "lastModified": 1713464448,
        "narHash": "sha256-Fhir4WlcfEh70V8+oNS1LVAGBftiqtD2qaHzOC8BJUI=",
        "owner": "hlissner",
        "repo": "doom-emacs",
        "rev": "9620bb45ac4cd7b0274c497b2d9d93c4ad9364ee",
        "type": "github"
      },
      "original": {
        "owner": "hlissner",
        "repo": "doom-emacs",
        "type": "github"
      }
    },
    "dwl": {
      "flake": false,
      "locked": {
        "lastModified": 1710180073,
        "narHash": "sha256-Dd2466wNfR/foZsBh8r0l/Q+lbr7zIFFumnQr2IVKb0=",
        "ref": "refs/heads/main",
        "rev": "2b171fd5010379a8674afa012245fea5a590e472",
        "revCount": 1155,
        "type": "git",
        "url": "https://codeberg.org/dwl/dwl"
      },
      "original": {
        "type": "git",
        "url": "https://codeberg.org/dwl/dwl"
      }
    },
    "dwl-patches": {
      "flake": false,
      "locked": {
        "lastModified": 1710591104,
        "narHash": "sha256-4iUmiahs0ze+fKgA6fwq7GAKqB685arkjAJEBBd8yvo=",
        "ref": "refs/heads/main",
        "rev": "b6031b0c38478714a7f4ade1f449899f6bf92bb1",
        "revCount": 140,
        "type": "git",
        "url": "https://codeberg.org/dwl/dwl-patches"
      },
      "original": {
        "type": "git",
        "url": "https://codeberg.org/dwl/dwl-patches"
      }
    },
    "emacs": {
      "inputs": {
        "flake-utils": "flake-utils",
        "nixpkgs": "nixpkgs",
        "nixpkgs-stable": "nixpkgs-stable"
      },
      "locked": {
        "lastModified": 1713923369,
        "narHash": "sha256-XHWD4/bX5UYtNxDTEwD3WVWhehR6IgDaR5T7QyqPc5s=",
        "owner": "nix-community",
        "repo": "emacs-overlay",
        "rev": "1f8c4bc8b3d395ff65844930b562e775fd18fc23",
        "type": "github"
      },
      "original": {
        "owner": "nix-community",
        "repo": "emacs-overlay",
        "type": "github"
      }
    },
    "flake-compat": {
      "locked": {
        "lastModified": 1688025799,
        "narHash": "sha256-ktpB4dRtnksm9F5WawoIkEneh1nrEvuxb5lJFt1iOyw=",
        "owner": "nix-community",
        "repo": "flake-compat",
        "rev": "8bf105319d44f6b9f0d764efa4fdef9f1cc9ba1c",
        "type": "github"
      },
      "original": {
        "owner": "nix-community",
        "repo": "flake-compat",
        "type": "github"
      }
    },
    "flake-parts": {
      "inputs": {
        "nixpkgs-lib": [
          "nixpkgs-wayland",
          "nix-eval-jobs",
          "nixpkgs"
        ]
      },
      "locked": {
        "lastModified": 1712014858,
        "narHash": "sha256-sB4SWl2lX95bExY2gMFG5HIzvva5AVMJd4Igm+GpZNw=",
        "owner": "hercules-ci",
        "repo": "flake-parts",
        "rev": "9126214d0a59633752a136528f5f3b9aa8565b7d",
        "type": "github"
      },
      "original": {
        "owner": "hercules-ci",
        "repo": "flake-parts",
        "type": "github"
      }
    },
    "flake-utils": {
      "inputs": {
        "systems": "systems"
      },
      "locked": {
        "lastModified": 1710146030,
        "narHash": "sha256-SZ5L6eA7HJ/nmkzGG7/ISclqe6oZdOZTNoesiInkXPQ=",
        "owner": "numtide",
        "repo": "flake-utils",
        "rev": "b1d9ab70662946ef0850d488da1c9019f3a9752a",
        "type": "github"
      },
      "original": {
        "owner": "numtide",
        "repo": "flake-utils",
        "type": "github"
      }
    },
    "flake-utils_2": {
      "inputs": {
        "systems": "systems_2"
      },
      "locked": {
        "lastModified": 1710146030,
        "narHash": "sha256-SZ5L6eA7HJ/nmkzGG7/ISclqe6oZdOZTNoesiInkXPQ=",
        "owner": "numtide",
        "repo": "flake-utils",
        "rev": "b1d9ab70662946ef0850d488da1c9019f3a9752a",
        "type": "github"
      },
      "original": {
        "owner": "numtide",
        "repo": "flake-utils",
        "type": "github"
      }
    },
    "flake-utils_3": {
      "inputs": {
        "systems": "systems_4"
      },
      "locked": {
        "lastModified": 1710146030,
        "narHash": "sha256-SZ5L6eA7HJ/nmkzGG7/ISclqe6oZdOZTNoesiInkXPQ=",
        "owner": "numtide",
        "repo": "flake-utils",
        "rev": "b1d9ab70662946ef0850d488da1c9019f3a9752a",
        "type": "github"
      },
      "original": {
        "owner": "numtide",
        "repo": "flake-utils",
        "type": "github"
      }
    },
    "home": {
      "inputs": {
        "nixpkgs": [
          "nixpkgs"
        ]
      },
      "locked": {
        "lastModified": 1713906585,
        "narHash": "sha256-fv84DCOkBtjF6wMATt0rfovu7e95L8rdEkSfNbwKR3U=",
        "owner": "nix-community",
        "repo": "home-manager",
        "rev": "bfa7c06436771e3a0c666ccc6ee01e815d4c33aa",
        "type": "github"
      },
      "original": {
        "owner": "nix-community",
        "repo": "home-manager",
        "type": "github"
      }
    },
    "hyprcursor": {
      "inputs": {
        "hyprlang": [
          "hyprland",
          "hyprlang"
        ],
        "nixpkgs": [
          "hyprland",
          "nixpkgs"
        ],
        "systems": [
          "hyprland",
          "systems"
        ]
      },
      "locked": {
        "lastModified": 1713612213,
        "narHash": "sha256-zJboXgWNpNhKyNF8H/3UYzWkx7w00TOCGKi3cwi+tsw=",
        "owner": "hyprwm",
        "repo": "hyprcursor",
        "rev": "cab4746180f210a3c1dd3d53e45c510e309e90e1",
        "type": "github"
      },
      "original": {
        "owner": "hyprwm",
        "repo": "hyprcursor",
        "type": "github"
      }
    },
    "hyprland": {
      "inputs": {
        "hyprcursor": "hyprcursor",
        "hyprland-protocols": "hyprland-protocols",
        "hyprlang": "hyprlang",
        "hyprwayland-scanner": "hyprwayland-scanner",
        "nixpkgs": [
          "nixpkgs"
        ],
        "systems": "systems_3",
        "wlroots": "wlroots",
        "xdph": "xdph"
      },
      "locked": {
        "lastModified": 1713920773,
        "narHash": "sha256-D+8ACH1bblpvXYa8MvWVmh2tbtWZNkWD6nPkape7OZI=",
        "owner": "hyprwm",
        "repo": "Hyprland",
        "rev": "34413d1f367b56e17614ee0455b6bf0b61a5aed1",
        "type": "github"
      },
      "original": {
        "owner": "hyprwm",
        "repo": "Hyprland",
        "type": "github"
      }
    },
    "hyprland-plugins": {
      "inputs": {
        "hyprland": [
          "hyprland"
        ],
        "systems": [
          "hyprland-plugins",
          "hyprland",
          "systems"
        ]
      },
      "locked": {
        "lastModified": 1713906352,
        "narHash": "sha256-U16KH9xJT+RLOxBhUh7Dmmeyg9+FAy7JXE3DXgPqMgM=",
        "owner": "hyprwm",
        "repo": "hyprland-plugins",
        "rev": "d8f695a7c2bff42e24980024b681b7b042dd84aa",
        "type": "github"
      },
      "original": {
        "owner": "hyprwm",
        "repo": "hyprland-plugins",
        "type": "github"
      }
    },
    "hyprland-protocols": {
      "inputs": {
        "nixpkgs": [
          "hyprland",
          "nixpkgs"
        ],
        "systems": [
          "hyprland",
          "systems"
        ]
      },
      "locked": {
        "lastModified": 1691753796,
        "narHash": "sha256-zOEwiWoXk3j3+EoF3ySUJmberFewWlagvewDRuWYAso=",
        "owner": "hyprwm",
        "repo": "hyprland-protocols",
        "rev": "0c2ce70625cb30aef199cb388f99e19a61a6ce03",
        "type": "github"
      },
      "original": {
        "owner": "hyprwm",
        "repo": "hyprland-protocols",
        "type": "github"
      }
    },
    "hyprlang": {
      "inputs": {
        "nixpkgs": [
          "hyprland",
          "nixpkgs"
        ],
        "systems": [
          "hyprland",
          "systems"
        ]
      },
      "locked": {
        "lastModified": 1713121246,
        "narHash": "sha256-502X0Q0fhN6tJK7iEUA8CghONKSatW/Mqj4Wappd++0=",
        "owner": "hyprwm",
        "repo": "hyprlang",
        "rev": "78fcaa27ae9e1d782faa3ff06c8ea55ddce63706",
        "type": "github"
      },
      "original": {
        "owner": "hyprwm",
        "repo": "hyprlang",
        "type": "github"
      }
    },
    "hyprwayland-scanner": {
      "inputs": {
        "nixpkgs": [
          "hyprland",
          "nixpkgs"
        ],
        "systems": [
          "hyprland",
          "systems"
        ]
      },
      "locked": {
        "lastModified": 1713730424,
        "narHash": "sha256-MqYjTvQCxwuDIuAaqIEuyqserm5PYr0auiHHPuYFN/k=",
        "owner": "hyprwm",
        "repo": "hyprwayland-scanner",
        "rev": "7c9c8adfe7e424faa0c5ce6e8be90157fda53c06",
        "type": "github"
      },
      "original": {
        "owner": "hyprwm",
        "repo": "hyprwayland-scanner",
        "type": "github"
      }
    },
    "lib-aggregate": {
      "inputs": {
        "flake-utils": "flake-utils_3",
        "nixpkgs-lib": "nixpkgs-lib"
      },
      "locked": {
        "lastModified": 1713701427,
        "narHash": "sha256-v6z8hz/UDaC/rbnkH+hxGFUxlNyseVntRetVpSxLU6c=",
        "owner": "nix-community",
        "repo": "lib-aggregate",
        "rev": "3b32a98eb3053f8c8ca55497d1881443ef2996e6",
        "type": "github"
      },
      "original": {
        "owner": "nix-community",
        "repo": "lib-aggregate",
        "type": "github"
      }
    },
    "master": {
      "locked": {
        "lastModified": 1713934343,
        "narHash": "sha256-kGN6yGfWkhlFEvYhPAUsrICOKiL+w/aygASGGa8zdEc=",
        "owner": "nixos",
        "repo": "nixpkgs",
        "rev": "a9040b7bf8adcd322493722106dd603eb87694ea",
        "type": "github"
      },
      "original": {
        "owner": "nixos",
        "ref": "master",
        "repo": "nixpkgs",
        "type": "github"
      }
    },
    "my-wallpapers": {
      "inputs": {
        "nixpkgs": [
          "nixpkgs"
        ]
      },
      "locked": {
        "lastModified": 1671874927,
        "narHash": "sha256-Dsza0ZaOzjWlOD7KR/d87p6uZTBeKmsDUmf4BvNe/5w=",
        "owner": "maxhbr",
        "repo": "wallpapers",
        "rev": "030eb0cc7470c8811f61f569fda37fa6a4ae2b89",
        "type": "github"
      },
      "original": {
        "owner": "maxhbr",
        "repo": "wallpapers",
        "type": "github"
      }
    },
    "mydwl": {
      "inputs": {
        "dwl": "dwl",
        "dwl-patches": "dwl-patches",
        "nixpkgs": [
          "nixpkgs"
        ],
        "somebar": "somebar",
        "sway-audio-idle-inhibit": "sway-audio-idle-inhibit"
      },
      "locked": {
        "lastModified": 1710659809,
        "narHash": "sha256-tNsZQGNTzjcvLUGYkNMJkHVkCL/587D8kw8TMf6Ce5Y=",
        "owner": "maxhbr",
        "repo": "mydwl",
        "rev": "616106173e5bcee2ce15fb87caec10e33aa2a2bb",
        "type": "github"
      },
      "original": {
        "owner": "maxhbr",
        "repo": "mydwl",
        "type": "github"
      }
    },
    "myphoto": {
      "inputs": {
        "nixpkgs": [
          "nixpkgs"
        ]
      },
      "locked": {
        "lastModified": 1712517462,
        "narHash": "sha256-t7qrWrn3a6ccin6oLMh3c3zI0YNbCVAHC9wA5HTuAYs=",
        "owner": "maxhbr",
        "repo": "myphoto",
        "rev": "3b16585e688ec491d2396f7a0c2d284cc7f05fe3",
        "type": "github"
      },
      "original": {
        "owner": "maxhbr",
        "repo": "myphoto",
        "type": "github"
      }
    },
    "nix-eval-jobs": {
      "inputs": {
        "flake-parts": "flake-parts",
        "nix-github-actions": "nix-github-actions",
        "nixpkgs": "nixpkgs_3",
        "treefmt-nix": "treefmt-nix"
      },
      "locked": {
        "lastModified": 1713858845,
        "narHash": "sha256-StJq7Zy+/iVBUAKFzhHWlsirFucZ3gNtzXhAYXAsNnw=",
        "owner": "nix-community",
        "repo": "nix-eval-jobs",
        "rev": "7b6640f2a10701bf0db16aff048070f400e8ea7c",
        "type": "github"
      },
      "original": {
        "owner": "nix-community",
        "repo": "nix-eval-jobs",
        "type": "github"
      }
    },
    "nix-github-actions": {
      "inputs": {
        "nixpkgs": [
          "nixpkgs-wayland",
          "nix-eval-jobs",
          "nixpkgs"
        ]
      },
      "locked": {
        "lastModified": 1703863825,
        "narHash": "sha256-rXwqjtwiGKJheXB43ybM8NwWB8rO2dSRrEqes0S7F5Y=",
        "owner": "nix-community",
        "repo": "nix-github-actions",
        "rev": "5163432afc817cf8bd1f031418d1869e4c9d5547",
        "type": "github"
      },
      "original": {
        "owner": "nix-community",
        "repo": "nix-github-actions",
        "type": "github"
      }
    },
    "nixos-hardware": {
      "locked": {
        "lastModified": 1713864415,
        "narHash": "sha256-/BPDMJEkrsFAFOsQWhwm31wezlgshPFlLBn34KEUdVA=",
        "owner": "NixOS",
        "repo": "nixos-hardware",
        "rev": "797f8d8082c7cc3259cba7275c699d4991b09ecc",
        "type": "github"
      },
      "original": {
        "owner": "NixOS",
        "ref": "master",
        "repo": "nixos-hardware",
        "type": "github"
      }
    },
    "nixos-unstable": {
      "locked": {
        "lastModified": 1713714899,
        "narHash": "sha256-+z/XjO3QJs5rLE5UOf015gdVauVRQd2vZtsFkaXBq2Y=",
        "owner": "nixos",
        "repo": "nixpkgs",
        "rev": "6143fc5eeb9c4f00163267708e26191d1e918932",
        "type": "github"
      },
      "original": {
        "owner": "nixos",
        "ref": "nixos-unstable",
        "repo": "nixpkgs",
        "type": "github"
      }
    },
    "nixos-unstable-small": {
      "locked": {
        "lastModified": 1713908025,
        "narHash": "sha256-jiuOqj3+yN1BophQuXULZJIJX8DMQHSoxkhAvALml4U=",
        "owner": "nixos",
        "repo": "nixpkgs",
        "rev": "0a0027cb7c11e9cf5521266f88b5e72a0e7ed331",
        "type": "github"
      },
      "original": {
        "owner": "nixos",
        "ref": "nixos-unstable-small",
        "repo": "nixpkgs",
        "type": "github"
      }
    },
    "nixpkgs": {
      "locked": {
        "lastModified": 1713714899,
        "narHash": "sha256-+z/XjO3QJs5rLE5UOf015gdVauVRQd2vZtsFkaXBq2Y=",
        "owner": "NixOS",
        "repo": "nixpkgs",
        "rev": "6143fc5eeb9c4f00163267708e26191d1e918932",
        "type": "github"
      },
      "original": {
        "owner": "NixOS",
        "ref": "nixos-unstable",
        "repo": "nixpkgs",
        "type": "github"
      }
    },
    "nixpkgs-lib": {
      "locked": {
        "lastModified": 1713660444,
        "narHash": "sha256-2bVnrEGyWJhRNKspzfTJmVD/fsH9HQURD4cWpz79Ulw=",
        "owner": "nix-community",
        "repo": "nixpkgs.lib",
        "rev": "6882347415e352cfc9c277cc01f73e0f5cb7b93c",
        "type": "github"
      },
      "original": {
        "owner": "nix-community",
        "repo": "nixpkgs.lib",
        "type": "github"
      }
    },
    "nixpkgs-stable": {
      "locked": {
        "lastModified": 1713725259,
        "narHash": "sha256-9ZR/Rbx5/Z/JZf5ehVNMoz/s5xjpP0a22tL6qNvLt5E=",
        "owner": "NixOS",
        "repo": "nixpkgs",
        "rev": "a5e4bbcb4780c63c79c87d29ea409abf097de3f7",
        "type": "github"
      },
      "original": {
        "owner": "NixOS",
        "ref": "nixos-23.11",
        "repo": "nixpkgs",
        "type": "github"
      }
    },
    "nixpkgs-wayland": {
      "inputs": {
        "flake-compat": "flake-compat",
        "lib-aggregate": "lib-aggregate",
        "nix-eval-jobs": "nix-eval-jobs",
        "nixpkgs": [
          "nixpkgs"
        ]
      },
      "locked": {
        "lastModified": 1713889202,
        "narHash": "sha256-cQdLbp8JedDOULe9jXMbL20H526O8OTWkvOPh4ZGpyY=",
        "owner": "nix-community",
        "repo": "nixpkgs-wayland",
        "rev": "f3b71af6d8503e427e81321f49bc823303a84b10",
        "type": "github"
      },
      "original": {
        "owner": "nix-community",
        "repo": "nixpkgs-wayland",
        "type": "github"
      }
    },
    "nixpkgs_2": {
      "locked": {
        "lastModified": 1713714899,
        "narHash": "sha256-+z/XjO3QJs5rLE5UOf015gdVauVRQd2vZtsFkaXBq2Y=",
        "owner": "nixos",
        "repo": "nixpkgs",
        "rev": "6143fc5eeb9c4f00163267708e26191d1e918932",
        "type": "github"
      },
      "original": {
        "owner": "nixos",
        "ref": "nixos-unstable",
        "repo": "nixpkgs",
        "type": "github"
      }
    },
    "nixpkgs_3": {
      "locked": {
        "lastModified": 1713805509,
        "narHash": "sha256-YgSEan4CcrjivCNO5ZNzhg7/8ViLkZ4CB/GrGBVSudo=",
        "owner": "NixOS",
        "repo": "nixpkgs",
        "rev": "1e1dc66fe68972a76679644a5577828b6a7e8be4",
        "type": "github"
      },
      "original": {
        "owner": "NixOS",
        "ref": "nixpkgs-unstable",
        "repo": "nixpkgs",
        "type": "github"
      }
    },
    "nixpkgs_4": {
      "locked": {
        "lastModified": 1711124224,
        "narHash": "sha256-l0zlN/3CiodvWDtfBOVxeTwYSRz93muVbXWSpaMjXxM=",
        "owner": "NixOS",
        "repo": "nixpkgs",
        "rev": "56528ee42526794d413d6f244648aaee4a7b56c0",
        "type": "github"
      },
      "original": {
        "id": "nixpkgs",
        "ref": "nixos-23.11",
        "type": "indirect"
      }
    },
    "nur": {
      "locked": {
        "lastModified": 1713931794,
        "narHash": "sha256-W8Si84Fqi/kCPcGh5KnMfHddc39eJ3esmSTzUFL9HEY=",
        "owner": "nix-community",
        "repo": "NUR",
        "rev": "10344baebd47c199da92973d7f86f77290997412",
        "type": "github"
      },
      "original": {
        "owner": "nix-community",
        "repo": "NUR",
        "type": "github"
      }
    },
    "pr244937": {
      "locked": {
        "lastModified": 1690071781,
        "narHash": "sha256-YiORQJsdEEjVt+qb24EwHMAZO3eu0FF2r2Ba1xrSREE=",
        "owner": "charles-dyfis-net",
        "repo": "nixpkgs",
        "rev": "c2805bddc16492a516e2bc0c875adf1217d67164",
        "type": "github"
      },
      "original": {
        "owner": "charles-dyfis-net",
        "ref": "freeplane-1_11_4",
        "repo": "nixpkgs",
        "type": "github"
      }
    },
    "pr275479": {
      "locked": {
        "lastModified": 1704292966,
        "narHash": "sha256-CfzKj3xsDCy/IgI46Y7RHxdsjxPFr9ExdwY1S9qXxMo=",
        "owner": "maxhbr",
        "repo": "nixpkgs",
        "rev": "ba7a904f9f284f944e65f608302c982df3fe454f",
        "type": "github"
      },
      "original": {
        "owner": "maxhbr",
        "ref": "freeplane-1_11_8",
        "repo": "nixpkgs",
        "type": "github"
      }
    },
    "rel2003": {
      "locked": {
        "lastModified": 1620055814,
        "narHash": "sha256-8LEHoYSJiL901bTMVatq+rf8y7QtWuZhwwpKE2fyaRY=",
        "owner": "nixos",
        "repo": "nixpkgs",
        "rev": "1db42b7fe3878f3f5f7a4f2dc210772fd080e205",
        "type": "github"
      },
      "original": {
        "owner": "nixos",
        "ref": "nixos-20.03",
        "repo": "nixpkgs",
        "type": "github"
      }
    },
    "rel2009": {
      "locked": {
        "lastModified": 1635350005,
        "narHash": "sha256-tAMJnUwfaDEB2aa31jGcu7R7bzGELM9noc91L2PbVjg=",
        "owner": "nixos",
        "repo": "nixpkgs",
        "rev": "1c1f5649bb9c1b0d98637c8c365228f57126f361",
        "type": "github"
      },
      "original": {
        "owner": "nixos",
        "ref": "nixos-20.09",
        "repo": "nixpkgs",
        "type": "github"
      }
    },
    "rel2105": {
      "locked": {
        "lastModified": 1659914493,
        "narHash": "sha256-lkA5X3VNMKirvA+SUzvEhfA7XquWLci+CGi505YFAIs=",
        "owner": "nixos",
        "repo": "nixpkgs",
        "rev": "022caabb5f2265ad4006c1fa5b1ebe69fb0c3faf",
        "type": "github"
      },
      "original": {
        "owner": "nixos",
        "ref": "release-21.05",
        "repo": "nixpkgs",
        "type": "github"
      }
    },
    "rel2111": {
      "locked": {
        "lastModified": 1679048363,
        "narHash": "sha256-afY4G9yA0MD/wxfAd7kks2yaCUOMuDtiwecDYIVxYfY=",
        "owner": "nixos",
        "repo": "nixpkgs",
        "rev": "2766f77c32e171a04d59b636a91083bae862274e",
        "type": "github"
      },
      "original": {
        "owner": "nixos",
        "ref": "release-21.11",
        "repo": "nixpkgs",
        "type": "github"
      }
    },
    "rel2205": {
      "locked": {
        "lastModified": 1685573264,
        "narHash": "sha256-Zffu01pONhs/pqH07cjlF10NnMDLok8ix5Uk4rhOnZQ=",
        "owner": "nixos",
        "repo": "nixpkgs",
        "rev": "380be19fbd2d9079f677978361792cb25e8a3635",
        "type": "github"
      },
      "original": {
        "owner": "nixos",
        "ref": "release-22.05",
        "repo": "nixpkgs",
        "type": "github"
      }
    },
    "rel2211": {
      "locked": {
        "lastModified": 1688392541,
        "narHash": "sha256-lHrKvEkCPTUO+7tPfjIcb7Trk6k31rz18vkyqmkeJfY=",
        "owner": "nixos",
        "repo": "nixpkgs",
        "rev": "ea4c80b39be4c09702b0cb3b42eab59e2ba4f24b",
        "type": "github"
      },
      "original": {
        "owner": "nixos",
        "ref": "release-22.11",
        "repo": "nixpkgs",
        "type": "github"
      }
    },
    "rel2305": {
      "locked": {
        "lastModified": 1705957679,
        "narHash": "sha256-Q8LJaVZGJ9wo33wBafvZSzapYsjOaNjP/pOnSiKVGHY=",
        "owner": "nixos",
        "repo": "nixpkgs",
        "rev": "9a333eaa80901efe01df07eade2c16d183761fa3",
        "type": "github"
      },
      "original": {
        "owner": "nixos",
        "ref": "release-23.05",
        "repo": "nixpkgs",
        "type": "github"
      }
    },
    "rel2311": {
      "locked": {
        "lastModified": 1713899264,
        "narHash": "sha256-QjjZrCpDUc7QinIZYpyYKZABJ3qgSfxuhAdKoXm4mOw=",
        "owner": "nixos",
        "repo": "nixpkgs",
        "rev": "4702e63ea985404fbd64ac8ea050cf96c0968760",
        "type": "github"
      },
      "original": {
        "owner": "nixos",
        "ref": "release-23.11",
        "repo": "nixpkgs",
        "type": "github"
      }
    },
    "river-src": {
      "flake": false,
      "locked": {
        "lastModified": 1713527168,
        "narHash": "sha256-ZfKh1PJB+S2x7/6SWqgvleQjM50EZKfNKl/pOwVNZCY=",
        "ref": "refs/heads/master",
        "rev": "9bbd34a0e31b6d429df2d39a59d8990a9585e186",
        "revCount": 1248,
        "submodules": true,
        "type": "git",
        "url": "https://github.com/riverwm/river"
      },
      "original": {
        "submodules": true,
        "type": "git",
        "url": "https://github.com/riverwm/river"
      }
    },
    "rivercarro-src": {
      "flake": false,
      "locked": {
        "lastModified": 1712481244,
        "narHash": "sha256-8e1VNWDeXejpgafK5oLWo+SwcTMgl0JerW91jAHmoac=",
        "ref": "refs/heads/main",
        "rev": "0aa0fccf8b77832ad3456de45737779647132711",
        "revCount": 81,
        "submodules": true,
        "type": "git",
        "url": "https://git.sr.ht/~novakane/rivercarro"
      },
      "original": {
        "submodules": true,
        "type": "git",
        "url": "https://git.sr.ht/~novakane/rivercarro"
      }
    },
    "root": {
      "inputs": {
        "awatcher-src": "awatcher-src",
        "doomemacs": "doomemacs",
        "emacs": "emacs",
        "flake-utils": "flake-utils_2",
        "home": "home",
        "hyprland": "hyprland",
        "hyprland-plugins": "hyprland-plugins",
        "master": "master",
        "my-wallpapers": "my-wallpapers",
        "mydwl": "mydwl",
        "myphoto": "myphoto",
        "nixos-hardware": "nixos-hardware",
        "nixos-unstable": "nixos-unstable",
        "nixos-unstable-small": "nixos-unstable-small",
        "nixpkgs": "nixpkgs_2",
        "nixpkgs-wayland": "nixpkgs-wayland",
        "nur": "nur",
        "pr244937": "pr244937",
        "pr275479": "pr275479",
        "rel2003": "rel2003",
        "rel2009": "rel2009",
        "rel2105": "rel2105",
        "rel2111": "rel2111",
        "rel2205": "rel2205",
        "rel2211": "rel2211",
        "rel2305": "rel2305",
        "rel2311": "rel2311",
        "river-src": "river-src",
        "rivercarro-src": "rivercarro-src",
        "zephyr-flake": "zephyr-flake"
      }
    },
    "somebar": {
      "flake": false,
      "locked": {
        "lastModified": 1708085853,
        "narHash": "sha256-4s9tj5+lOkYjF5cuFRrR1R1S5nzqvZFq9SUAFuA8QXc=",
        "owner": "~raphi",
        "repo": "somebar",
        "rev": "6572b98d697fef50473366bf4b598e66c0be3e54",
        "type": "sourcehut"
      },
      "original": {
        "owner": "~raphi",
        "repo": "somebar",
        "type": "sourcehut"
      }
    },
    "sway-audio-idle-inhibit": {
      "flake": false,
      "locked": {
        "lastModified": 1707589229,
        "narHash": "sha256-Y5eOyxB63YgMoIQSic4zGLVuXVErAnjajRdboNBmKyQ=",
        "owner": "ErikReider",
        "repo": "SwayAudioIdleInhibit",
        "rev": "8ac8608d31e18e5a064002c2a1ef73a683ea9537",
        "type": "github"
      },
      "original": {
        "owner": "ErikReider",
        "repo": "SwayAudioIdleInhibit",
        "type": "github"
      }
    },
    "systems": {
      "locked": {
        "lastModified": 1681028828,
        "narHash": "sha256-Vy1rq5AaRuLzOxct8nz4T6wlgyUR7zLU309k9mBC768=",
        "owner": "nix-systems",
        "repo": "default",
        "rev": "da67096a3b9bf56a91d16901293e51ba5b49a27e",
        "type": "github"
      },
      "original": {
        "owner": "nix-systems",
        "repo": "default",
        "type": "github"
      }
    },
    "systems_2": {
      "locked": {
        "lastModified": 1681028828,
        "narHash": "sha256-Vy1rq5AaRuLzOxct8nz4T6wlgyUR7zLU309k9mBC768=",
        "owner": "nix-systems",
        "repo": "default",
        "rev": "da67096a3b9bf56a91d16901293e51ba5b49a27e",
        "type": "github"
      },
      "original": {
        "owner": "nix-systems",
        "repo": "default",
        "type": "github"
      }
    },
    "systems_3": {
      "locked": {
        "lastModified": 1689347949,
        "narHash": "sha256-12tWmuL2zgBgZkdoB6qXZsgJEH9LR3oUgpaQq2RbI80=",
        "owner": "nix-systems",
        "repo": "default-linux",
        "rev": "31732fcf5e8fea42e59c2488ad31a0e651500f68",
        "type": "github"
      },
      "original": {
        "owner": "nix-systems",
        "repo": "default-linux",
        "type": "github"
      }
    },
    "systems_4": {
      "locked": {
        "lastModified": 1681028828,
        "narHash": "sha256-Vy1rq5AaRuLzOxct8nz4T6wlgyUR7zLU309k9mBC768=",
        "owner": "nix-systems",
        "repo": "default",
        "rev": "da67096a3b9bf56a91d16901293e51ba5b49a27e",
        "type": "github"
      },
      "original": {
        "owner": "nix-systems",
        "repo": "default",
        "type": "github"
      }
    },
    "treefmt-nix": {
      "inputs": {
        "nixpkgs": [
          "nixpkgs-wayland",
          "nix-eval-jobs",
          "nixpkgs"
        ]
      },
      "locked": {
        "lastModified": 1711963903,
        "narHash": "sha256-N3QDhoaX+paWXHbEXZapqd1r95mdshxToGowtjtYkGI=",
        "owner": "numtide",
        "repo": "treefmt-nix",
        "rev": "49dc4a92b02b8e68798abd99184f228243b6e3ac",
        "type": "github"
      },
      "original": {
        "owner": "numtide",
        "repo": "treefmt-nix",
        "type": "github"
      }
    },
    "wlroots": {
      "flake": false,
      "locked": {
        "lastModified": 1713731601,
        "narHash": "sha256-bdcKdtLkusvv85DNuJsajZLFeq7bXp+x5AGP1Sd4wD8=",
        "owner": "hyprwm",
        "repo": "wlroots-hyprland",
        "rev": "5c1d51c5a2793480f5b6c4341ad0797052aec2ea",
        "type": "github"
      },
      "original": {
        "owner": "hyprwm",
        "repo": "wlroots-hyprland",
        "rev": "5c1d51c5a2793480f5b6c4341ad0797052aec2ea",
        "type": "github"
      }
    },
    "xdph": {
      "inputs": {
        "hyprland-protocols": [
          "hyprland",
          "hyprland-protocols"
        ],
        "hyprlang": [
          "hyprland",
          "hyprlang"
        ],
        "nixpkgs": [
          "hyprland",
          "nixpkgs"
        ],
        "systems": [
          "hyprland",
          "systems"
        ]
      },
      "locked": {
        "lastModified": 1713724432,
        "narHash": "sha256-dtU1y4oj/0Y42oauzm93ucFg1AoqETnQ21bmXTIUng0=",
        "owner": "hyprwm",
        "repo": "xdg-desktop-portal-hyprland",
        "rev": "9ace6f969ce495185df34cc6254fb9d297765478",
        "type": "github"
      },
      "original": {
        "owner": "hyprwm",
        "repo": "xdg-desktop-portal-hyprland",
        "type": "github"
      }
    },
    "zephyr-flake": {
      "inputs": {
        "nixpkgs": "nixpkgs_4"
      },
      "locked": {
        "lastModified": 1712728237,
        "narHash": "sha256-NUMLdVL1hUukcvCnN3OPWWdWXAgHpXeULN0o2X7caNw=",
        "owner": "maxhbr",
        "repo": "zephyr-flake",
        "rev": "bcf3d08f519f8b2cbd13bdb129c207aff93132af",
        "type": "github"
      },
      "original": {
        "owner": "maxhbr",
        "repo": "zephyr-flake",
        "type": "github"
      }
    }
  },
  "root": "root",
  "version": 7
}
