{
  "nodes": {
    "agnoster": {
      "flake": false,
      "locked": {
        "lastModified": 1625824140,
        "narHash": "sha256-0/FgJlQULIXKhQIt3z3ugAGubgMlwFZa/cjGjiq7BcA=",
        "owner": "hauleth",
        "repo": "agnoster",
        "rev": "7312ebb59769d5ff503fd06b174103f0f7ba368a",
        "type": "github"
      },
      "original": {
        "owner": "hauleth",
        "repo": "agnoster",
        "type": "github"
      }
    },
    "bax": {
      "flake": false,
      "locked": {
        "lastModified": 1655689996,
        "narHash": "sha256-bM6+oAd/HXaVgpJMut8bwqO54Le33hwO9qet9paK1kY=",
        "owner": "jorgebucaran",
        "repo": "bax.fish",
        "rev": "bd8e5b89ec78313538e747f0292fcaf631e87bd2",
        "type": "github"
      },
      "original": {
        "owner": "jorgebucaran",
        "repo": "bax.fish",
        "type": "github"
      }
    },
    "done": {
      "flake": false,
      "locked": {
        "lastModified": 1633849654,
        "narHash": "sha256-6oeyN9ngXWvps1c5QAUjlyPDQwRWAoxBiVTNmZ4sG8E=",
        "owner": "franciscolourenco",
        "repo": "done",
        "rev": "d6abb267bb3fb7e987a9352bc43dcdb67bac9f06",
        "type": "github"
      },
      "original": {
        "owner": "franciscolourenco",
        "repo": "done",
        "type": "github"
      }
    },
    "fasd": {
      "flake": false,
      "locked": {
        "lastModified": 1613331538,
        "narHash": "sha256-8JASaNylXAGnWd2IV88juk73b8eJJlVrpyiRZUwHGFQ=",
        "owner": "oh-my-fish",
        "repo": "plugin-fasd",
        "rev": "98c4c729780d8bd0a86031db7d51a97d55025cf5",
        "type": "github"
      },
      "original": {
        "owner": "oh-my-fish",
        "repo": "plugin-fasd",
        "type": "github"
      }
    },
    "fish-async-prompt": {
      "flake": false,
      "locked": {
        "lastModified": 1677372971,
        "narHash": "sha256-YgqZINmY4nKphlqwHo2B0NfP4nmSxIIuAMUuoftI9Lg=",
        "owner": "acomagu",
        "repo": "fish-async-prompt",
        "rev": "4c732cc043b8dd04e64a169ec6bbf3a9b394819f",
        "type": "github"
      },
      "original": {
        "owner": "acomagu",
        "repo": "fish-async-prompt",
        "type": "github"
      }
    },
    "fish-ssh-agent": {
      "flake": false,
      "locked": {
        "lastModified": 1605087262,
        "narHash": "sha256-e94Sd1GSUAxwLVVo5yR6msq0jZLOn2m+JZJ6mvwQdLs=",
        "owner": "danhper",
        "repo": "fish-ssh-agent",
        "rev": "fd70a2afdd03caf9bf609746bf6b993b9e83be57",
        "type": "github"
      },
      "original": {
        "owner": "danhper",
        "repo": "fish-ssh-agent",
        "type": "github"
      }
    },
    "foreign-env": {
      "flake": false,
      "locked": {
        "lastModified": 1673700138,
        "narHash": "sha256-vyW/X2lLjsieMpP9Wi2bZPjReaZBkqUbkh15zOi8T4Y=",
        "owner": "oh-my-fish",
        "repo": "plugin-foreign-env",
        "rev": "3ee95536106c11073d6ff466c1681cde31001383",
        "type": "github"
      },
      "original": {
        "owner": "oh-my-fish",
        "repo": "plugin-foreign-env",
        "type": "github"
      }
    },
    "fzf": {
      "flake": false,
      "locked": {
        "lastModified": 1620776412,
        "narHash": "sha256-28QW/WTLckR4lEfHv6dSotwkAKpNJFCShxmKFGQQ1Ew=",
        "owner": "jethrokuan",
        "repo": "fzf",
        "rev": "479fa67d7439b23095e01b64987ae79a91a4e283",
        "type": "github"
      },
      "original": {
        "owner": "jethrokuan",
        "repo": "fzf",
        "type": "github"
      }
    },
    "root": {
      "inputs": {
        "agnoster": "agnoster",
        "bax": "bax",
        "done": "done",
        "fasd": "fasd",
        "fish-async-prompt": "fish-async-prompt",
        "fish-ssh-agent": "fish-ssh-agent",
        "foreign-env": "foreign-env",
        "fzf": "fzf",
        "tmux": "tmux",
        "z": "z"
      }
    },
    "tmux": {
      "flake": false,
      "locked": {
        "lastModified": 1465517968,
        "narHash": "sha256-EpE8IeZX3KDN4SUB4d9vGIjXpYMmRzw47jqT9lamRQ0=",
        "owner": "oh-my-fish",
        "repo": "plugin-tmux",
        "rev": "7d43f4e0959649fb2367c1525da8a0bd9075b723",
        "type": "github"
      },
      "original": {
        "owner": "oh-my-fish",
        "repo": "plugin-tmux",
        "type": "github"
      }
    },
    "z": {
      "flake": false,
      "locked": {
        "lastModified": 1649439817,
        "narHash": "sha256-+FUBM7CodtZrYKqU542fQD+ZDGrd2438trKM0tIESs0=",
        "owner": "jethrokuan",
        "repo": "z",
        "rev": "85f863f20f24faf675827fb00f3a4e15c7838d76",
        "type": "github"
      },
      "original": {
        "owner": "jethrokuan",
        "repo": "z",
        "type": "github"
      }
    }
  },
  "root": "root",
  "version": 7
}
