{
  "nodes": {
    "agnoster": {
      "flake": false,
      "locked": {
        "lastModified": 1625824140,
        "narHash": "sha256-0/FgJlQULIXKhQIt3z3ugAGubgMlwFZa/cjGjiq7BcA=",
        "owner": "hauleth",
        "repo": "agnoster",
        "rev": "7312ebb59769d5ff503fd06b174103f0f7ba368a",
        "type": "github"
      },
      "original": {
        "owner": "hauleth",
        "repo": "agnoster",
        "type": "github"
      }
    },
    "bax": {
      "flake": false,
      "locked": {
        "lastModified": 1645710882,
        "narHash": "sha256-ovxpzHC9coRtm/v3rQlPlX1NEe22+WLA7HpnfqtUJU8=",
        "owner": "jorgebucaran",
        "repo": "bax.fish",
        "rev": "a2eef7319adb1c5cd00a4454bb29a9e072d51a53",
        "type": "github"
      },
      "original": {
        "owner": "jorgebucaran",
        "repo": "bax.fish",
        "type": "github"
      }
    },
    "done": {
      "flake": false,
      "locked": {
        "lastModified": 1633849654,
        "narHash": "sha256-6oeyN9ngXWvps1c5QAUjlyPDQwRWAoxBiVTNmZ4sG8E=",
        "owner": "franciscolourenco",
        "repo": "done",
        "rev": "d6abb267bb3fb7e987a9352bc43dcdb67bac9f06",
        "type": "github"
      },
      "original": {
        "owner": "franciscolourenco",
        "repo": "done",
        "type": "github"
      }
    },
    "fasd": {
      "flake": false,
      "locked": {
        "lastModified": 1613331538,
        "narHash": "sha256-8JASaNylXAGnWd2IV88juk73b8eJJlVrpyiRZUwHGFQ=",
        "owner": "oh-my-fish",
        "repo": "plugin-fasd",
        "rev": "98c4c729780d8bd0a86031db7d51a97d55025cf5",
        "type": "github"
      },
      "original": {
        "owner": "oh-my-fish",
        "repo": "plugin-fasd",
        "type": "github"
      }
    },
    "fish-async-prompt": {
      "flake": false,
      "locked": {
        "lastModified": 1610734454,
        "narHash": "sha256-sSM8jB81TO+n0JVl8ekfVbw99K5NzEdxi1VqWkhIJaY=",
        "owner": "acomagu",
        "repo": "fish-async-prompt",
        "rev": "40f30a4048b81f03fa871942dcb1671ea0fe7a53",
        "type": "github"
      },
      "original": {
        "owner": "acomagu",
        "repo": "fish-async-prompt",
        "type": "github"
      }
    },
    "fish-ssh-agent": {
      "flake": false,
      "locked": {
        "lastModified": 1605087262,
        "narHash": "sha256-e94Sd1GSUAxwLVVo5yR6msq0jZLOn2m+JZJ6mvwQdLs=",
        "owner": "danhper",
        "repo": "fish-ssh-agent",
        "rev": "fd70a2afdd03caf9bf609746bf6b993b9e83be57",
        "type": "github"
      },
      "original": {
        "owner": "danhper",
        "repo": "fish-ssh-agent",
        "type": "github"
      }
    },
    "foreign-env": {
      "flake": false,
      "locked": {
        "lastModified": 1547655379,
        "narHash": "sha256-er1KI2xSUtTlQd9jZl1AjqeArrfBxrgBLcw5OqinuAM=",
        "owner": "oh-my-fish",
        "repo": "plugin-foreign-env",
        "rev": "dddd9213272a0ab848d474d0cbde12ad034e65bc",
        "type": "github"
      },
      "original": {
        "owner": "oh-my-fish",
        "repo": "plugin-foreign-env",
        "type": "github"
      }
    },
    "fzf": {
      "flake": false,
      "locked": {
        "lastModified": 1620776412,
        "narHash": "sha256-28QW/WTLckR4lEfHv6dSotwkAKpNJFCShxmKFGQQ1Ew=",
        "owner": "jethrokuan",
        "repo": "fzf",
        "rev": "479fa67d7439b23095e01b64987ae79a91a4e283",
        "type": "github"
      },
      "original": {
        "owner": "jethrokuan",
        "repo": "fzf",
        "type": "github"
      }
    },
    "root": {
      "inputs": {
        "agnoster": "agnoster",
        "bax": "bax",
        "done": "done",
        "fasd": "fasd",
        "fish-async-prompt": "fish-async-prompt",
        "fish-ssh-agent": "fish-ssh-agent",
        "foreign-env": "foreign-env",
        "fzf": "fzf",
        "tmux": "tmux",
        "z": "z"
      }
    },
    "tmux": {
      "flake": false,
      "locked": {
        "lastModified": 1465517968,
        "narHash": "sha256-EpE8IeZX3KDN4SUB4d9vGIjXpYMmRzw47jqT9lamRQ0=",
        "owner": "oh-my-fish",
        "repo": "plugin-tmux",
        "rev": "7d43f4e0959649fb2367c1525da8a0bd9075b723",
        "type": "github"
      },
      "original": {
        "owner": "oh-my-fish",
        "repo": "plugin-tmux",
        "type": "github"
      }
    },
    "z": {
      "flake": false,
      "locked": {
        "lastModified": 1626157139,
        "narHash": "sha256-pWkEhjbcxXduyKz1mAFo90IuQdX7R8bLCQgb0R+hXs4=",
        "owner": "jethrokuan",
        "repo": "z",
        "rev": "45a9ff6d0932b0e9835cbeb60b9794ba706eef10",
        "type": "github"
      },
      "original": {
        "owner": "jethrokuan",
        "repo": "z",
        "type": "github"
      }
    }
  },
  "root": "root",
  "version": 7
}
