{
  "nodes": {
    "nixpkgs": {
      "locked": {
        "lastModified": 1620916328,
        "narHash": "sha256-vhl0m91+vYH+yPQWPqiBZWuXR94oov9xe96D8v7T+2Q=",
        "path": "/nix/store/2jq61f1fawxwnn7g5dac2a1hdrxyxzhn-source",
        "rev": "1a0d37a68320d606fee390eeb5d3989a55e97910",
        "type": "path"
      },
      "original": {
        "id": "nixpkgs",
        "type": "indirect"
      }
    },
    "platformio-core": {
      "flake": false,
      "locked": {
        "lastModified": 1620908889,
        "narHash": "sha256-tNLW8m4uGYBDK6kCiYnSboxq+BzGDNMQ0aBXNNr1em0=",
        "owner": "platformio",
        "repo": "platformio-core",
        "rev": "2be7e0f7e6178eea18e3c2a3b300256f8d53aca3",
        "type": "github"
      },
      "original": {
        "owner": "platformio",
        "repo": "platformio-core",
        "type": "github"
      }
    },
    "root": {
      "inputs": {
        "nixpkgs": "nixpkgs",
        "platformio-core": "platformio-core"
      }
    }
  },
  "root": "root",
  "version": 7
}
