{
  "nodes": {
    "nixpkgs": {
      "locked": {
        "lastModified": 0,
        "narHash": "sha256-oBs9EQMYnL3RZtyOVy+p7bA0+k/xif8w07dbv6SLKIo=",
        "path": "/nix/store/fg0k2jh22jxyjd8fr6zdscwcv31hahmh-source",
        "type": "path"
      },
      "original": {
        "id": "nixpkgs",
        "type": "indirect"
      }
    },
    "platformio-core": {
      "flake": false,
      "locked": {
        "lastModified": 1656349924,
        "narHash": "sha256-O9JagYtfpo6VDaF6fzRPZv1VoX+ZyQlfPNoZcF55W44=",
        "owner": "platformio",
        "repo": "platformio-core",
        "rev": "99b5204802a2cdb7f916268ef63854bb7b2f5e62",
        "type": "github"
      },
      "original": {
        "owner": "platformio",
        "repo": "platformio-core",
        "type": "github"
      }
    },
    "rel2105": {
      "locked": {
        "lastModified": 1655034179,
        "narHash": "sha256-rf1/7AbzuYDw6+8Xvvf3PtEOygymLBrFsFxvext5ZjI=",
        "owner": "nixos",
        "repo": "nixpkgs",
        "rev": "046ee4af7a9f016a364f8f78eeaa356ba524ac31",
        "type": "github"
      },
      "original": {
        "owner": "nixos",
        "ref": "release-21.05",
        "repo": "nixpkgs",
        "type": "github"
      }
    },
    "root": {
      "inputs": {
        "nixpkgs": "nixpkgs",
        "platformio-core": "platformio-core",
        "rel2105": "rel2105"
      }
    }
  },
  "root": "root",
  "version": 7
}
