{
  "nodes": {
    "nixpkgs": {
      "locked": {
        "narHash": "sha256-tJsNHhHapIjXDC89f0Kp7GfjifFlkCf/FuuJis8WNFk=",
        "path": "/nix/store/9nhqwjfmn4rlawbyyngdxb3f8y1dl6ar-source",
        "type": "path"
      },
      "original": {
        "id": "nixpkgs",
        "type": "indirect"
      }
    },
    "platformio-core": {
      "flake": false,
      "locked": {
        "lastModified": 1648650725,
        "narHash": "sha256-ChTEz49pwV01XTpvohq87yfCuJ4PKCDeQH58frTZTNM=",
        "owner": "platformio",
        "repo": "platformio-core",
        "rev": "a6e12532f879f3168ed5086d6706db87de3b48d7",
        "type": "github"
      },
      "original": {
        "owner": "platformio",
        "repo": "platformio-core",
        "type": "github"
      }
    },
    "rel2105": {
      "locked": {
        "lastModified": 1645296114,
        "narHash": "sha256-y53N7TyIkXsjMpOG7RhvqJFGDacLs9HlyHeSTBioqYU=",
        "owner": "nixos",
        "repo": "nixpkgs",
        "rev": "530a53dcbc9437363471167a5e4762c5fcfa34a1",
        "type": "github"
      },
      "original": {
        "owner": "nixos",
        "ref": "release-21.05",
        "repo": "nixpkgs",
        "type": "github"
      }
    },
    "root": {
      "inputs": {
        "nixpkgs": "nixpkgs",
        "platformio-core": "platformio-core",
        "rel2105": "rel2105"
      }
    }
  },
  "root": "root",
  "version": 7
}
