{
  "nodes": {
    "nixpkgs": {
      "locked": {
        "lastModified": 1622103435,
        "narHash": "sha256-5i5mGg402AANnSRQmWVo7lqiyw3taoMwX26oslOD9c4=",
        "owner": "nixos",
        "repo": "nixpkgs",
        "rev": "5658fadedb748cb0bdbcb569a53bd6065a5704a9",
        "type": "github"
      },
      "original": {
        "owner": "nixos",
        "ref": "nixos-unstable",
        "repo": "nixpkgs",
        "type": "github"
      }
    },
    "root": {
      "inputs": {
        "nixpkgs": "nixpkgs"
      }
    }
  },
  "root": "root",
  "version": 7
}
