{
  "nodes": {
    "nixpkgs": {
      "locked": {
        "lastModified": 1624922035,
        "narHash": "sha256-OiIxJQuMRkICxaUwY3xMBbrPPu20de/n7tVYnWzLvS4=",
        "owner": "nixos",
        "repo": "nixpkgs",
        "rev": "3a8d7958a610cd3fec3a6f424480f91a1b259185",
        "type": "github"
      },
      "original": {
        "owner": "nixos",
        "ref": "nixos-unstable",
        "repo": "nixpkgs",
        "type": "github"
      }
    },
    "root": {
      "inputs": {
        "nixpkgs": "nixpkgs"
      }
    }
  },
  "root": "root",
  "version": 7
}
