{
  "nodes": {
    "flake-compat": {
      "flake": false,
      "locked": {
        "lastModified": 1606424373,
        "narHash": "sha256-oq8d4//CJOrVj+EcOaSXvMebvuTkmBJuT5tzlfewUnQ=",
        "owner": "edolstra",
        "repo": "flake-compat",
        "rev": "99f1c2157fba4bfe6211a321fd0ee43199025dbf",
        "type": "github"
      },
      "original": {
        "owner": "edolstra",
        "repo": "flake-compat",
        "type": "github"
      }
    },
    "nixpkgs": {
      "locked": {
        "lastModified": 1619705981,
        "narHash": "sha256-d17hg83ihjWAFjreBsdp7cJHVUnosdBm6nEzlqW2S6Q=",
        "owner": "NixOS",
        "repo": "nixpkgs",
        "rev": "f4c4ddae041241dc0c9d5628038826103958fdfc",
        "type": "github"
      },
      "original": {
        "owner": "NixOS",
        "ref": "nixpkgs-unstable",
        "repo": "nixpkgs",
        "type": "github"
      }
    },
    "ort": {
      "flake": false,
      "locked": {
        "lastModified": 1619768538,
        "narHash": "sha256-v04lYqx3goifx6AIMVZ8L7EP0UelrhMOPbhmgjn8YE0=",
        "owner": "oss-review-toolkit",
        "repo": "ort",
        "rev": "2effc7fa81f75fbdc8a0132ff47b5e460dc4ea31",
        "type": "github"
      },
      "original": {
        "owner": "oss-review-toolkit",
        "repo": "ort",
        "type": "github"
      }
    },
    "root": {
      "inputs": {
        "flake-compat": "flake-compat",
        "nixpkgs": "nixpkgs",
        "ort": "ort"
      }
    }
  },
  "root": "root",
  "version": 7
}
